
Microsoft Visual Studio Solution File, Format Version 12.00
# Visual Studio Version 16
VisualStudioVersion = 16.0.30204.135
MinimumVisualStudioVersion = 10.0.40219.1
Project("{2150E333-8FDC-42A3-9474-1A3956D46DE8}") = "src", "src", "{4830786D-9D8C-4157-B0DC-31BE5361FA38}"
EndProject
Project("{2150E333-8FDC-42A3-9474-1A3956D46DE8}") = "Web.API", "Web.API", "{73B809BA-0556-4749-8F3A-655B779F2A13}"
	ProjectSection(SolutionItems) = preProject
		..\..\..\Desktop\arquitectura.png = ..\..\..\Desktop\arquitectura.png
	EndProjectSection
EndProject
Project("{2150E333-8FDC-42A3-9474-1A3956D46DE8}") = "Web.Client", "Web.Client", "{D98F1E88-B94D-4F62-A80A-66C37F6D5EE1}"
EndProject
Project("{2150E333-8FDC-42A3-9474-1A3956D46DE8}") = "tests", "tests", "{2E3BE04D-943F-4829-8683-24470F541291}"
EndProject
Project("{9A19103F-16F7-4668-BE54-9A1E7A4F7556}") = "MyMusic.API", "MyMusic.API\MyMusic.API.csproj", "{16248915-A33F-4BDB-BBE1-CF2D312BD923}"
EndProject
Project("{9A19103F-16F7-4668-BE54-9A1E7A4F7556}") = "MyMusic.Core", "MyMusic.Core\MyMusic.Core.csproj", "{096478E3-0B6F-4D9D-99F6-00B4AFB99EE5}"
EndProject
Project("{9A19103F-16F7-4668-BE54-9A1E7A4F7556}") = "MyMusic.Services", "MyMusic.Services\MyMusic.Services.csproj", "{E1D3FADF-73D0-4F3D-B671-1092AD78100D}"
EndProject
Project("{9A19103F-16F7-4668-BE54-9A1E7A4F7556}") = "MyMusic.Data", "MyMusic.Data\MyMusic.Data.csproj", "{B87EF3BB-DD2C-42B9-BF72-412C8DC7654B}"
EndProject
Project("{9A19103F-16F7-4668-BE54-9A1E7A4F7556}") = "MyMusic.Data.MongoDB", "MyMusic.Data.MongoDB\MyMusic.Data.MongoDB.csproj", "{F1C93890-F003-48EE-9FEA-CEE72A3CBB84}"
EndProject
Global
	GlobalSection(SolutionConfigurationPlatforms) = preSolution
		Debug|Any CPU = Debug|Any CPU
		Release|Any CPU = Release|Any CPU
	EndGlobalSection
	GlobalSection(ProjectConfigurationPlatforms) = postSolution
		{16248915-A33F-4BDB-BBE1-CF2D312BD923}.Debug|Any CPU.ActiveCfg = Debug|Any CPU
		{16248915-A33F-4BDB-BBE1-CF2D312BD923}.Debug|Any CPU.Build.0 = Debug|Any CPU
		{16248915-A33F-4BDB-BBE1-CF2D312BD923}.Release|Any CPU.ActiveCfg = Release|Any CPU
		{16248915-A33F-4BDB-BBE1-CF2D312BD923}.Release|Any CPU.Build.0 = Release|Any CPU
		{096478E3-0B6F-4D9D-99F6-00B4AFB99EE5}.Debug|Any CPU.ActiveCfg = Debug|Any CPU
		{096478E3-0B6F-4D9D-99F6-00B4AFB99EE5}.Debug|Any CPU.Build.0 = Debug|Any CPU
		{096478E3-0B6F-4D9D-99F6-00B4AFB99EE5}.Release|Any CPU.ActiveCfg = Release|Any CPU
		{096478E3-0B6F-4D9D-99F6-00B4AFB99EE5}.Release|Any CPU.Build.0 = Release|Any CPU
		{E1D3FADF-73D0-4F3D-B671-1092AD78100D}.Debug|Any CPU.ActiveCfg = Debug|Any CPU
		{E1D3FADF-73D0-4F3D-B671-1092AD78100D}.Debug|Any CPU.Build.0 = Debug|Any CPU
		{E1D3FADF-73D0-4F3D-B671-1092AD78100D}.Release|Any CPU.ActiveCfg = Release|Any CPU
		{E1D3FADF-73D0-4F3D-B671-1092AD78100D}.Release|Any CPU.Build.0 = Release|Any CPU
		{B87EF3BB-DD2C-42B9-BF72-412C8DC7654B}.Debug|Any CPU.ActiveCfg = Debug|Any CPU
		{B87EF3BB-DD2C-42B9-BF72-412C8DC7654B}.Debug|Any CPU.Build.0 = Debug|Any CPU
		{B87EF3BB-DD2C-42B9-BF72-412C8DC7654B}.Release|Any CPU.ActiveCfg = Release|Any CPU
		{B87EF3BB-DD2C-42B9-BF72-412C8DC7654B}.Release|Any CPU.Build.0 = Release|Any CPU
		{F1C93890-F003-48EE-9FEA-CEE72A3CBB84}.Debug|Any CPU.ActiveCfg = Debug|Any CPU
		{F1C93890-F003-48EE-9FEA-CEE72A3CBB84}.Debug|Any CPU.Build.0 = Debug|Any CPU
		{F1C93890-F003-48EE-9FEA-CEE72A3CBB84}.Release|Any CPU.ActiveCfg = Release|Any CPU
		{F1C93890-F003-48EE-9FEA-CEE72A3CBB84}.Release|Any CPU.Build.0 = Release|Any CPU
	EndGlobalSection
	GlobalSection(SolutionProperties) = preSolution
		HideSolutionNode = FALSE
	EndGlobalSection
	GlobalSection(NestedProjects) = preSolution
		{73B809BA-0556-4749-8F3A-655B779F2A13} = {4830786D-9D8C-4157-B0DC-31BE5361FA38}
		{D98F1E88-B94D-4F62-A80A-66C37F6D5EE1} = {4830786D-9D8C-4157-B0DC-31BE5361FA38}
		{16248915-A33F-4BDB-BBE1-CF2D312BD923} = {73B809BA-0556-4749-8F3A-655B779F2A13}
		{096478E3-0B6F-4D9D-99F6-00B4AFB99EE5} = {73B809BA-0556-4749-8F3A-655B779F2A13}
		{E1D3FADF-73D0-4F3D-B671-1092AD78100D} = {73B809BA-0556-4749-8F3A-655B779F2A13}
		{B87EF3BB-DD2C-42B9-BF72-412C8DC7654B} = {73B809BA-0556-4749-8F3A-655B779F2A13}
		{F1C93890-F003-48EE-9FEA-CEE72A3CBB84} = {73B809BA-0556-4749-8F3A-655B779F2A13}
	EndGlobalSection
	GlobalSection(ExtensibilityGlobals) = postSolution
		SolutionGuid = {6BFC39BE-21D6-42B3-833C-0DC06F68022A}
	EndGlobalSection
EndGlobal
